# This file is generated by running "yarn install" inside your project.
# Manual changes might be lost - proceed with caution!

__metadata:
  version: 8
  cacheKey: 10c0

"@hono/node-server@npm:^1.14.2":
  version: 1.14.2
  resolution: "@hono/node-server@npm:1.14.2"
  peerDependencies:
    hono: ^4
  checksum: 10c0/03bf6f421adcbabdf2f91a749028f7b733832e8592878dab6a831b48e1897b5b5c7868f659419a81dc84401ae5b720befdb76b8e8eda9f815edc7d10f35e8253
  languageName: node
  linkType: hard

"docker@workspace:.":
  version: 0.0.0-use.local
  resolution: "docker@workspace:."
  dependencies:
    "@hono/node-server": "npm:^1.14.2"
    hono: "npm:^4.7.10"
  languageName: unknown
  linkType: soft

"hono@npm:^4.7.10":
  version: 4.7.10
  resolution: "hono@npm:4.7.10"
  checksum: 10c0/985aadcccb323fee7012f7c38e58b85332b1370a5ae69649ed29ae538a57cd4233f6198c54cc1fe3716b6b9ab20f8c7518d71027d7c46003c2d2ce982ce37c48
  languageName: node
  linkType: hard
