# This file is generated by running "yarn install" inside your project.
# Manual changes might be lost - proceed with caution!

__metadata:
  version: 8
  cacheKey: 10c0

"@hono/node-server@npm:^1.14.2":
  version: 1.14.2
  resolution: "@hono/node-server@npm:1.14.2"
  peerDependencies:
    hono: ^4
  checksum: 10c0/03bf6f421adcbabdf2f91a749028f7b733832e8592878dab6a831b48e1897b5b5c7868f659419a81dc84401ae5b720befdb76b8e8eda9f815edc7d10f35e8253
  languageName: node
  linkType: hard

"@neardefi/shade-agent-js@npm:^0.2.0":
  version: 0.2.0
  resolution: "@neardefi/shade-agent-js@npm:0.2.0"
  bin:
    shade-agent-js: cli.js
  checksum: 10c0/49d9ba353a13dcef5555d57d72e5623e2c6ba8e0b4b205a8d4f2687437b31cb1187fdbc54c3022cf493445ff29a8ffac658cf2d2a35abcfc9a08ae0bc51962b2
  languageName: node
  linkType: hard

"docker@workspace:.":
  version: 0.0.0-use.local
  resolution: "docker@workspace:."
  dependencies:
    "@hono/node-server": "npm:^1.14.2"
    "@neardefi/shade-agent-js": "npm:^0.2.0"
    dotenv: "npm:^16.5.0"
    hono: "npm:^4.7.10"
  languageName: unknown
  linkType: soft

"dotenv@npm:^16.5.0":
  version: 16.5.0
  resolution: "dotenv@npm:16.5.0"
  checksum: 10c0/5bc94c919fbd955bf0ba44d33922a1e93d1078e64a1db5c30faeded1d996e7a83c55332cb8ea4fae5a9ca4d0be44cbceb95c5811e70f9f095298df09d1997dd9
  languageName: node
  linkType: hard

"hono@npm:^4.7.10":
  version: 4.7.10
  resolution: "hono@npm:4.7.10"
  checksum: 10c0/985aadcccb323fee7012f7c38e58b85332b1370a5ae69649ed29ae538a57cd4233f6198c54cc1fe3716b6b9ab20f8c7518d71027d7c46003c2d2ce982ce37c48
  languageName: node
  linkType: hard
